
Microsoft Visual Studio Solution File, Format Version 12.00
# Visual Studio 2012
Project("{FAE04EC0-301F-11D3-BF4B-00C04F79EFBC}") = "Task1", "MultiThread\Task1.csproj", "{7B321D1D-09F6-47A3-825C-0FF443D32ABE}"
EndProject
Project("{2150E333-8FDC-42A3-9474-1A3956D46DE8}") = "lab1", "lab1", "{72B955AC-EAA4-484E-A4FC-573B3B135DC5}"
EndProject
Project("{FAE04EC0-301F-11D3-BF4B-00C04F79EFBC}") = "Task2", "Task2\Task2.csproj", "{779C80EE-76EE-46D5-A9E0-C1273336B94D}"
EndProject
Project("{FAE04EC0-301F-11D3-BF4B-00C04F79EFBC}") = "TestSeparatedByThread", "TestSeparatedByThread\TestSeparatedByThread.csproj", "{3535AE1E-8CB9-4FF1-A8CE-360887599167}"
EndProject
Global
	GlobalSection(SolutionConfigurationPlatforms) = preSolution
		Debug|Any CPU = Debug|Any CPU
		Release|Any CPU = Release|Any CPU
	EndGlobalSection
	GlobalSection(ProjectConfigurationPlatforms) = postSolution
		{7B321D1D-09F6-47A3-825C-0FF443D32ABE}.Debug|Any CPU.ActiveCfg = Debug|Any CPU
		{7B321D1D-09F6-47A3-825C-0FF443D32ABE}.Debug|Any CPU.Build.0 = Debug|Any CPU
		{7B321D1D-09F6-47A3-825C-0FF443D32ABE}.Release|Any CPU.ActiveCfg = Release|Any CPU
		{7B321D1D-09F6-47A3-825C-0FF443D32ABE}.Release|Any CPU.Build.0 = Release|Any CPU
		{779C80EE-76EE-46D5-A9E0-C1273336B94D}.Debug|Any CPU.ActiveCfg = Debug|Any CPU
		{779C80EE-76EE-46D5-A9E0-C1273336B94D}.Debug|Any CPU.Build.0 = Debug|Any CPU
		{779C80EE-76EE-46D5-A9E0-C1273336B94D}.Release|Any CPU.ActiveCfg = Release|Any CPU
		{779C80EE-76EE-46D5-A9E0-C1273336B94D}.Release|Any CPU.Build.0 = Release|Any CPU
		{3535AE1E-8CB9-4FF1-A8CE-360887599167}.Debug|Any CPU.ActiveCfg = Debug|Any CPU
		{3535AE1E-8CB9-4FF1-A8CE-360887599167}.Debug|Any CPU.Build.0 = Debug|Any CPU
		{3535AE1E-8CB9-4FF1-A8CE-360887599167}.Release|Any CPU.ActiveCfg = Release|Any CPU
		{3535AE1E-8CB9-4FF1-A8CE-360887599167}.Release|Any CPU.Build.0 = Release|Any CPU
	EndGlobalSection
	GlobalSection(SolutionProperties) = preSolution
		HideSolutionNode = FALSE
	EndGlobalSection
	GlobalSection(NestedProjects) = preSolution
		{7B321D1D-09F6-47A3-825C-0FF443D32ABE} = {72B955AC-EAA4-484E-A4FC-573B3B135DC5}
		{779C80EE-76EE-46D5-A9E0-C1273336B94D} = {72B955AC-EAA4-484E-A4FC-573B3B135DC5}
		{3535AE1E-8CB9-4FF1-A8CE-360887599167} = {72B955AC-EAA4-484E-A4FC-573B3B135DC5}
	EndGlobalSection
EndGlobal
